<?xml version="1.0" encoding="utf-8"?>
<Project ToolsVersion="4.0" xmlns="http://schemas.microsoft.com/developer/msbuild/2003">
  <ItemGroup>
    <Filter Include="Source Files">
      <UniqueIdentifier>{4FC737F1-C7A5-4376-A066-2A32D752A2FF}</UniqueIdentifier>
      <Extensions>cpp;c;cc;cxx;c++;cppm;ixx;def;odl;idl;hpj;bat;asm;asmx</Extensions>
    </Filter>
    <Filter Include="Header Files">
      <UniqueIdentifier>{93995380-89BD-4b04-88EB-625FBE52EBFB}</UniqueIdentifier>
      <Extensions>h;hh;hpp;hxx;h++;hm;inl;inc;ipp;xsd</Extensions>
    </Filter>
    <Filter Include="States">
      <UniqueIdentifier>{53f66ecd-0719-4df2-ab24-2434984bb3bd}</UniqueIdentifier>
    </Filter>
    <Filter Include="Sorts">
      <UniqueIdentifier>{3504baab-1cbb-4469-8b1d-6d210f5d56da}</UniqueIdentifier>
    </Filter>
    <Filter Include="Source Files\Resource Files">
      <UniqueIdentifier>{67DA6AB6-F800-4c08-8B7A-83BB121AAD01}</UniqueIdentifier>
      <Extensions>rc;ico;cur;bmp;dlg;rc2;rct;bin;rgs;gif;jpg;jpeg;jpe;resx;tiff;tif;png;wav;mfcribbon-ms</Extensions>
    </Filter>
  </ItemGroup>
  <ItemGroup>
    <ClCompile Include="main.cpp">
      <Filter>Source Files</Filter>
    </ClCompile>
    <ClCompile Include="State.cpp">
      <Filter>States</Filter>
    </ClCompile>
    <ClCompile Include="MainMenu.cpp">
      <Filter>States</Filter>
    </ClCompile>
    <ClCompile Include="Engine.cpp">
      <Filter>Source Files</Filter>
    </ClCompile>
    <ClCompile Include="Button.cpp">
      <Filter>Source Files</Filter>
    </ClCompile>
    <ClCompile Include="Sequential.cpp">
      <Filter>States</Filter>
    </ClCompile>
    <ClCompile Include="Parallel.cpp">
      <Filter>States</Filter>
    </ClCompile>
    <ClCompile Include="ParNSeq.cpp">
      <Filter>States</Filter>
    </ClCompile>
    <ClCompile Include="Intermediate.cpp">
      <Filter>States</Filter>
    </ClCompile>
    <ClCompile Include="Parallel_Sort.cpp">
      <Filter>Sorts</Filter>
    </ClCompile>
    <ClCompile Include="CreateRectangle.cpp">
      <Filter>Sorts</Filter>
    </ClCompile>
    <ClCompile Include="Sort.cpp">
      <Filter>Sorts</Filter>
    </ClCompile>
  </ItemGroup>
  <ItemGroup>
    <ClInclude Include="State.h">
      <Filter>States</Filter>
    </ClInclude>
    <ClInclude Include="MainMenu.h">
      <Filter>States</Filter>
    </ClInclude>
    <ClInclude Include="Engine.h">
      <Filter>Header Files</Filter>
    </ClInclude>
    <ClInclude Include="Button.h">
      <Filter>Header Files</Filter>
    </ClInclude>
    <ClInclude Include="Sequential.h">
      <Filter>States</Filter>
    </ClInclude>
    <ClInclude Include="Parallel.h">
      <Filter>States</Filter>
    </ClInclude>
    <ClInclude Include="ParNSeq.h">
      <Filter>States</Filter>
    </ClInclude>
    <ClInclude Include="CreateRectangle.h">
      <Filter>Header Files</Filter>
    </ClInclude>
    <ClInclude Include="Intermediate.h">
      <Filter>States</Filter>
    </ClInclude>
    <ClInclude Include="Sort.h">
      <Filter>Sorts</Filter>
    </ClInclude>
    <ClInclude Include="Parallel_Sort.h">
      <Filter>Sorts</Filter>
    </ClInclude>
  </ItemGroup>
</Project>